{
  "name": "lyra-full-text-search",
  "lockfileVersion": 2,
  "requires": true,
  "packages": {
    "": {
      "dependencies": {
        "@lyrasearch/lyra": "^0.3.1"
      }
    },
    "node_modules/@lyrasearch/lyra": {
      "version": "0.3.1",
      "resolved": "https://registry.npmjs.org/@lyrasearch/lyra/-/lyra-0.3.1.tgz",
      "integrity": "sha512-c0k8R026nfXu/FhA9xgh7jo/+HM4I7XCn5J+us32mQEmqNBmGpD0CEyJ8PiJxmsDapyeYwpMNQgT2lNmnIL86w=="
    }
  },
  "dependencies": {
    "@lyrasearch/lyra": {
      "version": "0.3.1",
      "resolved": "https://registry.npmjs.org/@lyrasearch/lyra/-/lyra-0.3.1.tgz",
      "integrity": "sha512-c0k8R026nfXu/FhA9xgh7jo/+HM4I7XCn5J+us32mQEmqNBmGpD0CEyJ8PiJxmsDapyeYwpMNQgT2lNmnIL86w=="
    }
  }
}
